github.com/earayu/sqlparser v0.1.3 h1:1LFUVq6+P+MP8Cp6fZQ1YFY1u0/0Vrf7A3mQfHt1w1s=
github.com/earayu/sqlparser v0.1.3/go.mod h1:YUcROekqfBWOp0gTlAbc/Maqx0iB49D9QrE4kJKKu9k=
github.com/google/go-cmp v0.6.0 h1:ofyhxvXcZhMsU5ulbFiLKl/XBFqE1GSq7atu8tAmTRI=
github.com/google/go-cmp v0.6.0/go.mod h1:17dUlkBOakJ0+DkrSSNjCkIjxS6bF9zb3elmeNGIjoY=
github.com/wesql/wescale-wasm-plugin-sdk v0.1.7 h1:8TCt7GxZ3j5M/v6kyFd2AYa/xI3xIK95Y/cB8lF6JYI=
github.com/wesql/wescale-wasm-plugin-sdk v0.1.7/go.mod h1:Sm0Lrsn5W/QlWGyDL9AfC6bums3csw1ms6PHpbamDWI=
google.golang.org/protobuf v1.34.2 h1:6xV6lTsCfpGD21XK49h7MhtcApnLqkfYgPcdHftf6hg=
google.golang.org/protobuf v1.34.2/go.mod h1:qYOHts0dSfpeUzUFpOMr/WGzszTmLH+DiWniOlNbLDw=
