github.com/google/go-cmp v0.6.0 h1:ofyhxvXcZhMsU5ulbFiLKl/XBFqE1GSq7atu8tAmTRI=
github.com/google/go-cmp v0.6.0/go.mod h1:17dUlkBOakJ0+DkrSSNjCkIjxS6bF9zb3elmeNGIjoY=
github.com/wesql/sqlparser v0.1.5 h1:gHiBKCtk41/lY5zhdMNInaLi5J3uLhU/4HORQOsC6As=
github.com/wesql/sqlparser v0.1.5/go.mod h1:km8yaigrUQKZ1BUOhgGoXvov4x3AbdVEDkt7VCnGN1o=
github.com/wesql/wescale-wasm-plugin-sdk v0.1.9 h1:znsccbLcZrTKCzJ6MFtOeXuL0cr8EtzWSPZD737XC44=
github.com/wesql/wescale-wasm-plugin-sdk v0.1.9/go.mod h1:JeWT2fDTrxRpGC1RFiWxHD07ryxyK4UojTvWP2n9IOk=
google.golang.org/protobuf v1.34.2 h1:6xV6lTsCfpGD21XK49h7MhtcApnLqkfYgPcdHftf6hg=
google.golang.org/protobuf v1.34.2/go.mod h1:qYOHts0dSfpeUzUFpOMr/WGzszTmLH+DiWniOlNbLDw=
